# This file is automatically @generated by Cargo.
# It is not intended for manual editing.
version = 4

[[package]]
name = "bytemuck"
version = "1.23.2"
source = "registry+https://github.com/rust-lang/crates.io-index"
checksum = "3995eaeebcdf32f91f980d360f78732ddc061097ab4e39991ae7a6ace9194677"

[[package]]
name = "safe_arch"
version = "0.7.4"
source = "registry+https://github.com/rust-lang/crates.io-index"
checksum = "96b02de82ddbe1b636e6170c21be622223aea188ef2e139be0a5b219ec215323"
dependencies = [
 "bytemuck",
]

[[package]]
name = "simd-lookup"
version = "0.1.0"
dependencies = [
 "simd_aligned",
]

[[package]]
name = "simd_aligned"
version = "0.6.1"
source = "registry+https://github.com/rust-lang/crates.io-index"
checksum = "43bb409d114ccef278270a2ccde8fc8ee444d1863e6419c4c75aab6525c1b8cc"
dependencies = [
 "wide",
]

[[package]]
name = "wide"
version = "0.7.33"
source = "registry+https://github.com/rust-lang/crates.io-index"
checksum = "0ce5da8ecb62bcd8ec8b7ea19f69a51275e91299be594ea5cc6ef7819e16cd03"
dependencies = [
 "bytemuck",
 "safe_arch",
]
